{
  "requires": true,
  "lockfileVersion": 1,
  "dependencies": {
    "bootstrap-touchspin": {
      "version": "4.2.5",
      "resolved": "https://registry.npmjs.org/bootstrap-touchspin/-/bootstrap-touchspin-4.2.5.tgz",
      "integrity": "sha512-tGJazUyFT0psQWcZA3i/6WmaSKYrFAtD2eOScZtX4hJjNiSBIz/PxJTzP23AJoRc4OtvI8w6l831VuD9s6DSWw=="
    }
  }
}
